
Microsoft Visual Studio Solution File, Format Version 12.00
# Visual Studio Version 17
VisualStudioVersion = 17.1.32407.343
MinimumVisualStudioVersion = 10.0.40219.1
Project("{8BC9CEB8-8B4A-11D0-8D11-00A0C91BC942}") = "CodeX", "CodeX\CodeX.vcxproj", "{3741CE50-E243-41E2-B612-3A787E0F790C}"
	ProjectSection(ProjectDependencies) = postProject
		{C5E57C1B-2CA2-3C74-ACE0-17423754CB69} = {C5E57C1B-2CA2-3C74-ACE0-17423754CB69}
		{140A233F-BB61-43EB-96E5-EF3EAF84ECC5} = {140A233F-BB61-43EB-96E5-EF3EAF84ECC5}
		{70EF6B71-DBD0-4868-845B-F1690A5D671C} = {70EF6B71-DBD0-4868-845B-F1690A5D671C}
		{97F7BC82-D588-4012-95AE-7585053A8705} = {97F7BC82-D588-4012-95AE-7585053A8705}
		{D75D77B9-58DA-4E72-B470-1DF5B86C6D63} = {D75D77B9-58DA-4E72-B470-1DF5B86C6D63}
		{44D90FE0-3F67-4E4E-BD00-2F86038FF514} = {44D90FE0-3F67-4E4E-BD00-2F86038FF514}
	EndProjectSection
EndProject
Project("{8BC9CEB8-8B4A-11D0-8D11-00A0C91BC942}") = "ChipView", "ChipView\ChipView.vcxproj", "{140A233F-BB61-43EB-96E5-EF3EAF84ECC5}"
EndProject
Project("{8BC9CEB8-8B4A-11D0-8D11-00A0C91BC942}") = "ChipDataWindow", "ChipDataWindow\ChipDataWindow.vcxproj", "{D75D77B9-58DA-4E72-B470-1DF5B86C6D63}"
	ProjectSection(ProjectDependencies) = postProject
		{C5E57C1B-2CA2-3C74-ACE0-17423754CB69} = {C5E57C1B-2CA2-3C74-ACE0-17423754CB69}
		{97F7BC82-D588-4012-95AE-7585053A8705} = {97F7BC82-D588-4012-95AE-7585053A8705}
		{44D90FE0-3F67-4E4E-BD00-2F86038FF514} = {44D90FE0-3F67-4E4E-BD00-2F86038FF514}
	EndProjectSection
EndProject
Project("{2150E333-8FDC-42A3-9474-1A3956D46DE8}") = "3rdparty", "3rdparty", "{E39C117F-8162-470F-8423-70F8562A03A1}"
EndProject
Project("{8BC9CEB8-8B4A-11D0-8D11-00A0C91BC942}") = "zlibstatic", "3rdparty\zlibstatic.vcxproj", "{C5E57C1B-2CA2-3C74-ACE0-17423754CB69}"
EndProject
Project("{8BC9CEB8-8B4A-11D0-8D11-00A0C91BC942}") = "Chip", "Chip\Chip.vcxproj", "{97F7BC82-D588-4012-95AE-7585053A8705}"
EndProject
Project("{8BC9CEB8-8B4A-11D0-8D11-00A0C91BC942}") = "ChipTableView", "ChipTableView\ChipTableView.vcxproj", "{44D90FE0-3F67-4E4E-BD00-2F86038FF514}"
	ProjectSection(ProjectDependencies) = postProject
		{97F7BC82-D588-4012-95AE-7585053A8705} = {97F7BC82-D588-4012-95AE-7585053A8705}
	EndProjectSection
EndProject
Project("{8BC9CEB8-8B4A-11D0-8D11-00A0C91BC942}") = "ChipSolver", "ChipSolver\ChipSolver.vcxproj", "{70EF6B71-DBD0-4868-845B-F1690A5D671C}"
	ProjectSection(ProjectDependencies) = postProject
		{97F7BC82-D588-4012-95AE-7585053A8705} = {97F7BC82-D588-4012-95AE-7585053A8705}
	EndProjectSection
EndProject
Project("{FAE04EC0-301F-11D3-BF4B-00C04F79EFBC}") = "Proxy", "Proxy\Proxy.csproj", "{AAD703DC-7091-4F92-9483-62610F0127E5}"
EndProject
Project("{8BC9CEB8-8B4A-11D0-8D11-00A0C91BC942}") = "SharpBridge", "SharpBridge\SharpBridge.vcxproj", "{24DDAF81-6A9D-4864-B9A6-43B173FCC62D}"
EndProject
Project("{8BC9CEB8-8B4A-11D0-8D11-00A0C91BC942}") = "ProxyTest", "ProxyTest\ProxyTest.vcxproj", "{067E21AF-02AB-4228-A669-FCC3929242F2}"
EndProject
Global
	GlobalSection(SolutionConfigurationPlatforms) = preSolution
		Debug|Any CPU = Debug|Any CPU
		Debug|x64 = Debug|x64
		Debug|x86 = Debug|x86
		MinSizeRel|Any CPU = MinSizeRel|Any CPU
		MinSizeRel|x64 = MinSizeRel|x64
		MinSizeRel|x86 = MinSizeRel|x86
		Release|Any CPU = Release|Any CPU
		Release|x64 = Release|x64
		Release|x86 = Release|x86
		RelWithDebInfo|Any CPU = RelWithDebInfo|Any CPU
		RelWithDebInfo|x64 = RelWithDebInfo|x64
		RelWithDebInfo|x86 = RelWithDebInfo|x86
	EndGlobalSection
	GlobalSection(ProjectConfigurationPlatforms) = postSolution
		{3741CE50-E243-41E2-B612-3A787E0F790C}.Debug|Any CPU.ActiveCfg = Debug|x64
		{3741CE50-E243-41E2-B612-3A787E0F790C}.Debug|Any CPU.Build.0 = Debug|x64
		{3741CE50-E243-41E2-B612-3A787E0F790C}.Debug|x64.ActiveCfg = Debug|x64
		{3741CE50-E243-41E2-B612-3A787E0F790C}.Debug|x64.Build.0 = Debug|x64
		{3741CE50-E243-41E2-B612-3A787E0F790C}.Debug|x86.ActiveCfg = Debug|x64
		{3741CE50-E243-41E2-B612-3A787E0F790C}.Debug|x86.Build.0 = Debug|x64
		{3741CE50-E243-41E2-B612-3A787E0F790C}.MinSizeRel|Any CPU.ActiveCfg = RelWithDebInfo|x64
		{3741CE50-E243-41E2-B612-3A787E0F790C}.MinSizeRel|Any CPU.Build.0 = RelWithDebInfo|x64
		{3741CE50-E243-41E2-B612-3A787E0F790C}.MinSizeRel|x64.ActiveCfg = Release|x64
		{3741CE50-E243-41E2-B612-3A787E0F790C}.MinSizeRel|x64.Build.0 = Release|x64
		{3741CE50-E243-41E2-B612-3A787E0F790C}.MinSizeRel|x86.ActiveCfg = RelWithDebInfo|x64
		{3741CE50-E243-41E2-B612-3A787E0F790C}.MinSizeRel|x86.Build.0 = RelWithDebInfo|x64
		{3741CE50-E243-41E2-B612-3A787E0F790C}.Release|Any CPU.ActiveCfg = Release|x64
		{3741CE50-E243-41E2-B612-3A787E0F790C}.Release|Any CPU.Build.0 = Release|x64
		{3741CE50-E243-41E2-B612-3A787E0F790C}.Release|x64.ActiveCfg = Release|x64
		{3741CE50-E243-41E2-B612-3A787E0F790C}.Release|x64.Build.0 = Release|x64
		{3741CE50-E243-41E2-B612-3A787E0F790C}.Release|x86.ActiveCfg = Release|x64
		{3741CE50-E243-41E2-B612-3A787E0F790C}.Release|x86.Build.0 = Release|x64
		{3741CE50-E243-41E2-B612-3A787E0F790C}.RelWithDebInfo|Any CPU.ActiveCfg = RelWithDebInfo|x64
		{3741CE50-E243-41E2-B612-3A787E0F790C}.RelWithDebInfo|Any CPU.Build.0 = RelWithDebInfo|x64
		{3741CE50-E243-41E2-B612-3A787E0F790C}.RelWithDebInfo|x64.ActiveCfg = RelWithDebInfo|x64
		{3741CE50-E243-41E2-B612-3A787E0F790C}.RelWithDebInfo|x64.Build.0 = RelWithDebInfo|x64
		{3741CE50-E243-41E2-B612-3A787E0F790C}.RelWithDebInfo|x86.ActiveCfg = RelWithDebInfo|x64
		{3741CE50-E243-41E2-B612-3A787E0F790C}.RelWithDebInfo|x86.Build.0 = RelWithDebInfo|x64
		{140A233F-BB61-43EB-96E5-EF3EAF84ECC5}.Debug|Any CPU.ActiveCfg = Debug|x64
		{140A233F-BB61-43EB-96E5-EF3EAF84ECC5}.Debug|Any CPU.Build.0 = Debug|x64
		{140A233F-BB61-43EB-96E5-EF3EAF84ECC5}.Debug|x64.ActiveCfg = Debug|x64
		{140A233F-BB61-43EB-96E5-EF3EAF84ECC5}.Debug|x64.Build.0 = Debug|x64
		{140A233F-BB61-43EB-96E5-EF3EAF84ECC5}.Debug|x86.ActiveCfg = Debug|x64
		{140A233F-BB61-43EB-96E5-EF3EAF84ECC5}.Debug|x86.Build.0 = Debug|x64
		{140A233F-BB61-43EB-96E5-EF3EAF84ECC5}.MinSizeRel|Any CPU.ActiveCfg = RelWithDebInfo|x64
		{140A233F-BB61-43EB-96E5-EF3EAF84ECC5}.MinSizeRel|Any CPU.Build.0 = RelWithDebInfo|x64
		{140A233F-BB61-43EB-96E5-EF3EAF84ECC5}.MinSizeRel|x64.ActiveCfg = Release|x64
		{140A233F-BB61-43EB-96E5-EF3EAF84ECC5}.MinSizeRel|x64.Build.0 = Release|x64
		{140A233F-BB61-43EB-96E5-EF3EAF84ECC5}.MinSizeRel|x86.ActiveCfg = RelWithDebInfo|x64
		{140A233F-BB61-43EB-96E5-EF3EAF84ECC5}.MinSizeRel|x86.Build.0 = RelWithDebInfo|x64
		{140A233F-BB61-43EB-96E5-EF3EAF84ECC5}.Release|Any CPU.ActiveCfg = Release|x64
		{140A233F-BB61-43EB-96E5-EF3EAF84ECC5}.Release|Any CPU.Build.0 = Release|x64
		{140A233F-BB61-43EB-96E5-EF3EAF84ECC5}.Release|x64.ActiveCfg = Release|x64
		{140A233F-BB61-43EB-96E5-EF3EAF84ECC5}.Release|x64.Build.0 = Release|x64
		{140A233F-BB61-43EB-96E5-EF3EAF84ECC5}.Release|x86.ActiveCfg = Release|x64
		{140A233F-BB61-43EB-96E5-EF3EAF84ECC5}.Release|x86.Build.0 = Release|x64
		{140A233F-BB61-43EB-96E5-EF3EAF84ECC5}.RelWithDebInfo|Any CPU.ActiveCfg = RelWithDebInfo|x64
		{140A233F-BB61-43EB-96E5-EF3EAF84ECC5}.RelWithDebInfo|Any CPU.Build.0 = RelWithDebInfo|x64
		{140A233F-BB61-43EB-96E5-EF3EAF84ECC5}.RelWithDebInfo|x64.ActiveCfg = RelWithDebInfo|x64
		{140A233F-BB61-43EB-96E5-EF3EAF84ECC5}.RelWithDebInfo|x64.Build.0 = RelWithDebInfo|x64
		{140A233F-BB61-43EB-96E5-EF3EAF84ECC5}.RelWithDebInfo|x86.ActiveCfg = RelWithDebInfo|x64
		{140A233F-BB61-43EB-96E5-EF3EAF84ECC5}.RelWithDebInfo|x86.Build.0 = RelWithDebInfo|x64
		{D75D77B9-58DA-4E72-B470-1DF5B86C6D63}.Debug|Any CPU.ActiveCfg = Debug|x64
		{D75D77B9-58DA-4E72-B470-1DF5B86C6D63}.Debug|Any CPU.Build.0 = Debug|x64
		{D75D77B9-58DA-4E72-B470-1DF5B86C6D63}.Debug|x64.ActiveCfg = Debug|x64
		{D75D77B9-58DA-4E72-B470-1DF5B86C6D63}.Debug|x64.Build.0 = Debug|x64
		{D75D77B9-58DA-4E72-B470-1DF5B86C6D63}.Debug|x86.ActiveCfg = Debug|x64
		{D75D77B9-58DA-4E72-B470-1DF5B86C6D63}.Debug|x86.Build.0 = Debug|x64
		{D75D77B9-58DA-4E72-B470-1DF5B86C6D63}.MinSizeRel|Any CPU.ActiveCfg = RelWithDebInfo|x64
		{D75D77B9-58DA-4E72-B470-1DF5B86C6D63}.MinSizeRel|Any CPU.Build.0 = RelWithDebInfo|x64
		{D75D77B9-58DA-4E72-B470-1DF5B86C6D63}.MinSizeRel|x64.ActiveCfg = Release|x64
		{D75D77B9-58DA-4E72-B470-1DF5B86C6D63}.MinSizeRel|x64.Build.0 = Release|x64
		{D75D77B9-58DA-4E72-B470-1DF5B86C6D63}.MinSizeRel|x86.ActiveCfg = RelWithDebInfo|x64
		{D75D77B9-58DA-4E72-B470-1DF5B86C6D63}.MinSizeRel|x86.Build.0 = RelWithDebInfo|x64
		{D75D77B9-58DA-4E72-B470-1DF5B86C6D63}.Release|Any CPU.ActiveCfg = Release|x64
		{D75D77B9-58DA-4E72-B470-1DF5B86C6D63}.Release|Any CPU.Build.0 = Release|x64
		{D75D77B9-58DA-4E72-B470-1DF5B86C6D63}.Release|x64.ActiveCfg = Release|x64
		{D75D77B9-58DA-4E72-B470-1DF5B86C6D63}.Release|x64.Build.0 = Release|x64
		{D75D77B9-58DA-4E72-B470-1DF5B86C6D63}.Release|x86.ActiveCfg = Release|x64
		{D75D77B9-58DA-4E72-B470-1DF5B86C6D63}.Release|x86.Build.0 = Release|x64
		{D75D77B9-58DA-4E72-B470-1DF5B86C6D63}.RelWithDebInfo|Any CPU.ActiveCfg = RelWithDebInfo|x64
		{D75D77B9-58DA-4E72-B470-1DF5B86C6D63}.RelWithDebInfo|Any CPU.Build.0 = RelWithDebInfo|x64
		{D75D77B9-58DA-4E72-B470-1DF5B86C6D63}.RelWithDebInfo|x64.ActiveCfg = RelWithDebInfo|x64
		{D75D77B9-58DA-4E72-B470-1DF5B86C6D63}.RelWithDebInfo|x64.Build.0 = RelWithDebInfo|x64
		{D75D77B9-58DA-4E72-B470-1DF5B86C6D63}.RelWithDebInfo|x86.ActiveCfg = RelWithDebInfo|x64
		{D75D77B9-58DA-4E72-B470-1DF5B86C6D63}.RelWithDebInfo|x86.Build.0 = RelWithDebInfo|x64
		{C5E57C1B-2CA2-3C74-ACE0-17423754CB69}.Debug|Any CPU.ActiveCfg = Debug|x64
		{C5E57C1B-2CA2-3C74-ACE0-17423754CB69}.Debug|Any CPU.Build.0 = Debug|x64
		{C5E57C1B-2CA2-3C74-ACE0-17423754CB69}.Debug|x64.ActiveCfg = Debug|x64
		{C5E57C1B-2CA2-3C74-ACE0-17423754CB69}.Debug|x64.Build.0 = Debug|x64
		{C5E57C1B-2CA2-3C74-ACE0-17423754CB69}.Debug|x86.ActiveCfg = Debug|x64
		{C5E57C1B-2CA2-3C74-ACE0-17423754CB69}.Debug|x86.Build.0 = Debug|x64
		{C5E57C1B-2CA2-3C74-ACE0-17423754CB69}.MinSizeRel|Any CPU.ActiveCfg = MinSizeRel|x64
		{C5E57C1B-2CA2-3C74-ACE0-17423754CB69}.MinSizeRel|Any CPU.Build.0 = MinSizeRel|x64
		{C5E57C1B-2CA2-3C74-ACE0-17423754CB69}.MinSizeRel|x64.ActiveCfg = MinSizeRel|x64
		{C5E57C1B-2CA2-3C74-ACE0-17423754CB69}.MinSizeRel|x64.Build.0 = MinSizeRel|x64
		{C5E57C1B-2CA2-3C74-ACE0-17423754CB69}.MinSizeRel|x86.ActiveCfg = MinSizeRel|x64
		{C5E57C1B-2CA2-3C74-ACE0-17423754CB69}.MinSizeRel|x86.Build.0 = MinSizeRel|x64
		{C5E57C1B-2CA2-3C74-ACE0-17423754CB69}.Release|Any CPU.ActiveCfg = Release|x64
		{C5E57C1B-2CA2-3C74-ACE0-17423754CB69}.Release|Any CPU.Build.0 = Release|x64
		{C5E57C1B-2CA2-3C74-ACE0-17423754CB69}.Release|x64.ActiveCfg = Release|x64
		{C5E57C1B-2CA2-3C74-ACE0-17423754CB69}.Release|x64.Build.0 = Release|x64
		{C5E57C1B-2CA2-3C74-ACE0-17423754CB69}.Release|x86.ActiveCfg = Release|x64
		{C5E57C1B-2CA2-3C74-ACE0-17423754CB69}.Release|x86.Build.0 = Release|x64
		{C5E57C1B-2CA2-3C74-ACE0-17423754CB69}.RelWithDebInfo|Any CPU.ActiveCfg = RelWithDebInfo|x64
		{C5E57C1B-2CA2-3C74-ACE0-17423754CB69}.RelWithDebInfo|Any CPU.Build.0 = RelWithDebInfo|x64
		{C5E57C1B-2CA2-3C74-ACE0-17423754CB69}.RelWithDebInfo|x64.ActiveCfg = RelWithDebInfo|x64
		{C5E57C1B-2CA2-3C74-ACE0-17423754CB69}.RelWithDebInfo|x64.Build.0 = RelWithDebInfo|x64
		{C5E57C1B-2CA2-3C74-ACE0-17423754CB69}.RelWithDebInfo|x86.ActiveCfg = RelWithDebInfo|x64
		{C5E57C1B-2CA2-3C74-ACE0-17423754CB69}.RelWithDebInfo|x86.Build.0 = RelWithDebInfo|x64
		{97F7BC82-D588-4012-95AE-7585053A8705}.Debug|Any CPU.ActiveCfg = Debug|x64
		{97F7BC82-D588-4012-95AE-7585053A8705}.Debug|Any CPU.Build.0 = Debug|x64
		{97F7BC82-D588-4012-95AE-7585053A8705}.Debug|x64.ActiveCfg = Debug|x64
		{97F7BC82-D588-4012-95AE-7585053A8705}.Debug|x64.Build.0 = Debug|x64
		{97F7BC82-D588-4012-95AE-7585053A8705}.Debug|x86.ActiveCfg = Debug|x64
		{97F7BC82-D588-4012-95AE-7585053A8705}.Debug|x86.Build.0 = Debug|x64
		{97F7BC82-D588-4012-95AE-7585053A8705}.MinSizeRel|Any CPU.ActiveCfg = RelWithDebInfo|x64
		{97F7BC82-D588-4012-95AE-7585053A8705}.MinSizeRel|Any CPU.Build.0 = RelWithDebInfo|x64
		{97F7BC82-D588-4012-95AE-7585053A8705}.MinSizeRel|x64.ActiveCfg = Release|x64
		{97F7BC82-D588-4012-95AE-7585053A8705}.MinSizeRel|x64.Build.0 = Release|x64
		{97F7BC82-D588-4012-95AE-7585053A8705}.MinSizeRel|x86.ActiveCfg = RelWithDebInfo|x64
		{97F7BC82-D588-4012-95AE-7585053A8705}.MinSizeRel|x86.Build.0 = RelWithDebInfo|x64
		{97F7BC82-D588-4012-95AE-7585053A8705}.Release|Any CPU.ActiveCfg = Release|x64
		{97F7BC82-D588-4012-95AE-7585053A8705}.Release|Any CPU.Build.0 = Release|x64
		{97F7BC82-D588-4012-95AE-7585053A8705}.Release|x64.ActiveCfg = Release|x64
		{97F7BC82-D588-4012-95AE-7585053A8705}.Release|x64.Build.0 = Release|x64
		{97F7BC82-D588-4012-95AE-7585053A8705}.Release|x86.ActiveCfg = Release|x64
		{97F7BC82-D588-4012-95AE-7585053A8705}.Release|x86.Build.0 = Release|x64
		{97F7BC82-D588-4012-95AE-7585053A8705}.RelWithDebInfo|Any CPU.ActiveCfg = RelWithDebInfo|x64
		{97F7BC82-D588-4012-95AE-7585053A8705}.RelWithDebInfo|Any CPU.Build.0 = RelWithDebInfo|x64
		{97F7BC82-D588-4012-95AE-7585053A8705}.RelWithDebInfo|x64.ActiveCfg = RelWithDebInfo|x64
		{97F7BC82-D588-4012-95AE-7585053A8705}.RelWithDebInfo|x64.Build.0 = RelWithDebInfo|x64
		{97F7BC82-D588-4012-95AE-7585053A8705}.RelWithDebInfo|x86.ActiveCfg = RelWithDebInfo|x64
		{97F7BC82-D588-4012-95AE-7585053A8705}.RelWithDebInfo|x86.Build.0 = RelWithDebInfo|x64
		{44D90FE0-3F67-4E4E-BD00-2F86038FF514}.Debug|Any CPU.ActiveCfg = Debug|x64
		{44D90FE0-3F67-4E4E-BD00-2F86038FF514}.Debug|Any CPU.Build.0 = Debug|x64
		{44D90FE0-3F67-4E4E-BD00-2F86038FF514}.Debug|x64.ActiveCfg = Debug|x64
		{44D90FE0-3F67-4E4E-BD00-2F86038FF514}.Debug|x64.Build.0 = Debug|x64
		{44D90FE0-3F67-4E4E-BD00-2F86038FF514}.Debug|x86.ActiveCfg = Debug|x64
		{44D90FE0-3F67-4E4E-BD00-2F86038FF514}.Debug|x86.Build.0 = Debug|x64
		{44D90FE0-3F67-4E4E-BD00-2F86038FF514}.MinSizeRel|Any CPU.ActiveCfg = RelWithDebInfo|x64
		{44D90FE0-3F67-4E4E-BD00-2F86038FF514}.MinSizeRel|Any CPU.Build.0 = RelWithDebInfo|x64
		{44D90FE0-3F67-4E4E-BD00-2F86038FF514}.MinSizeRel|x64.ActiveCfg = Release|x64
		{44D90FE0-3F67-4E4E-BD00-2F86038FF514}.MinSizeRel|x64.Build.0 = Release|x64
		{44D90FE0-3F67-4E4E-BD00-2F86038FF514}.MinSizeRel|x86.ActiveCfg = RelWithDebInfo|x64
		{44D90FE0-3F67-4E4E-BD00-2F86038FF514}.MinSizeRel|x86.Build.0 = RelWithDebInfo|x64
		{44D90FE0-3F67-4E4E-BD00-2F86038FF514}.Release|Any CPU.ActiveCfg = Release|x64
		{44D90FE0-3F67-4E4E-BD00-2F86038FF514}.Release|Any CPU.Build.0 = Release|x64
		{44D90FE0-3F67-4E4E-BD00-2F86038FF514}.Release|x64.ActiveCfg = Release|x64
		{44D90FE0-3F67-4E4E-BD00-2F86038FF514}.Release|x64.Build.0 = Release|x64
		{44D90FE0-3F67-4E4E-BD00-2F86038FF514}.Release|x86.ActiveCfg = Release|x64
		{44D90FE0-3F67-4E4E-BD00-2F86038FF514}.Release|x86.Build.0 = Release|x64
		{44D90FE0-3F67-4E4E-BD00-2F86038FF514}.RelWithDebInfo|Any CPU.ActiveCfg = RelWithDebInfo|x64
		{44D90FE0-3F67-4E4E-BD00-2F86038FF514}.RelWithDebInfo|Any CPU.Build.0 = RelWithDebInfo|x64
		{44D90FE0-3F67-4E4E-BD00-2F86038FF514}.RelWithDebInfo|x64.ActiveCfg = RelWithDebInfo|x64
		{44D90FE0-3F67-4E4E-BD00-2F86038FF514}.RelWithDebInfo|x64.Build.0 = RelWithDebInfo|x64
		{44D90FE0-3F67-4E4E-BD00-2F86038FF514}.RelWithDebInfo|x86.ActiveCfg = RelWithDebInfo|x64
		{44D90FE0-3F67-4E4E-BD00-2F86038FF514}.RelWithDebInfo|x86.Build.0 = RelWithDebInfo|x64
		{70EF6B71-DBD0-4868-845B-F1690A5D671C}.Debug|Any CPU.ActiveCfg = Debug|x64
		{70EF6B71-DBD0-4868-845B-F1690A5D671C}.Debug|Any CPU.Build.0 = Debug|x64
		{70EF6B71-DBD0-4868-845B-F1690A5D671C}.Debug|x64.ActiveCfg = Debug|x64
		{70EF6B71-DBD0-4868-845B-F1690A5D671C}.Debug|x64.Build.0 = Debug|x64
		{70EF6B71-DBD0-4868-845B-F1690A5D671C}.Debug|x86.ActiveCfg = Debug|x64
		{70EF6B71-DBD0-4868-845B-F1690A5D671C}.Debug|x86.Build.0 = Debug|x64
		{70EF6B71-DBD0-4868-845B-F1690A5D671C}.MinSizeRel|Any CPU.ActiveCfg = RelWithDebInfo|x64
		{70EF6B71-DBD0-4868-845B-F1690A5D671C}.MinSizeRel|Any CPU.Build.0 = RelWithDebInfo|x64
		{70EF6B71-DBD0-4868-845B-F1690A5D671C}.MinSizeRel|x64.ActiveCfg = Release|x64
		{70EF6B71-DBD0-4868-845B-F1690A5D671C}.MinSizeRel|x64.Build.0 = Release|x64
		{70EF6B71-DBD0-4868-845B-F1690A5D671C}.MinSizeRel|x86.ActiveCfg = RelWithDebInfo|x64
		{70EF6B71-DBD0-4868-845B-F1690A5D671C}.MinSizeRel|x86.Build.0 = RelWithDebInfo|x64
		{70EF6B71-DBD0-4868-845B-F1690A5D671C}.Release|Any CPU.ActiveCfg = Release|x64
		{70EF6B71-DBD0-4868-845B-F1690A5D671C}.Release|Any CPU.Build.0 = Release|x64
		{70EF6B71-DBD0-4868-845B-F1690A5D671C}.Release|x64.ActiveCfg = Release|x64
		{70EF6B71-DBD0-4868-845B-F1690A5D671C}.Release|x64.Build.0 = Release|x64
		{70EF6B71-DBD0-4868-845B-F1690A5D671C}.Release|x86.ActiveCfg = Release|x64
		{70EF6B71-DBD0-4868-845B-F1690A5D671C}.Release|x86.Build.0 = Release|x64
		{70EF6B71-DBD0-4868-845B-F1690A5D671C}.RelWithDebInfo|Any CPU.ActiveCfg = RelWithDebInfo|x64
		{70EF6B71-DBD0-4868-845B-F1690A5D671C}.RelWithDebInfo|Any CPU.Build.0 = RelWithDebInfo|x64
		{70EF6B71-DBD0-4868-845B-F1690A5D671C}.RelWithDebInfo|x64.ActiveCfg = RelWithDebInfo|x64
		{70EF6B71-DBD0-4868-845B-F1690A5D671C}.RelWithDebInfo|x64.Build.0 = RelWithDebInfo|x64
		{70EF6B71-DBD0-4868-845B-F1690A5D671C}.RelWithDebInfo|x86.ActiveCfg = RelWithDebInfo|x64
		{70EF6B71-DBD0-4868-845B-F1690A5D671C}.RelWithDebInfo|x86.Build.0 = RelWithDebInfo|x64
		{AAD703DC-7091-4F92-9483-62610F0127E5}.Debug|Any CPU.ActiveCfg = Debug|Any CPU
		{AAD703DC-7091-4F92-9483-62610F0127E5}.Debug|Any CPU.Build.0 = Debug|Any CPU
		{AAD703DC-7091-4F92-9483-62610F0127E5}.Debug|x64.ActiveCfg = Debug|Any CPU
		{AAD703DC-7091-4F92-9483-62610F0127E5}.Debug|x64.Build.0 = Debug|Any CPU
		{AAD703DC-7091-4F92-9483-62610F0127E5}.Debug|x86.ActiveCfg = Debug|Any CPU
		{AAD703DC-7091-4F92-9483-62610F0127E5}.Debug|x86.Build.0 = Debug|Any CPU
		{AAD703DC-7091-4F92-9483-62610F0127E5}.MinSizeRel|Any CPU.ActiveCfg = Debug|Any CPU
		{AAD703DC-7091-4F92-9483-62610F0127E5}.MinSizeRel|Any CPU.Build.0 = Debug|Any CPU
		{AAD703DC-7091-4F92-9483-62610F0127E5}.MinSizeRel|x64.ActiveCfg = Debug|Any CPU
		{AAD703DC-7091-4F92-9483-62610F0127E5}.MinSizeRel|x64.Build.0 = Debug|Any CPU
		{AAD703DC-7091-4F92-9483-62610F0127E5}.MinSizeRel|x86.ActiveCfg = Debug|Any CPU
		{AAD703DC-7091-4F92-9483-62610F0127E5}.MinSizeRel|x86.Build.0 = Debug|Any CPU
		{AAD703DC-7091-4F92-9483-62610F0127E5}.Release|Any CPU.ActiveCfg = Release|Any CPU
		{AAD703DC-7091-4F92-9483-62610F0127E5}.Release|Any CPU.Build.0 = Release|Any CPU
		{AAD703DC-7091-4F92-9483-62610F0127E5}.Release|x64.ActiveCfg = Release|Any CPU
		{AAD703DC-7091-4F92-9483-62610F0127E5}.Release|x64.Build.0 = Release|Any CPU
		{AAD703DC-7091-4F92-9483-62610F0127E5}.Release|x86.ActiveCfg = Release|Any CPU
		{AAD703DC-7091-4F92-9483-62610F0127E5}.Release|x86.Build.0 = Release|Any CPU
		{AAD703DC-7091-4F92-9483-62610F0127E5}.RelWithDebInfo|Any CPU.ActiveCfg = Release|Any CPU
		{AAD703DC-7091-4F92-9483-62610F0127E5}.RelWithDebInfo|Any CPU.Build.0 = Release|Any CPU
		{AAD703DC-7091-4F92-9483-62610F0127E5}.RelWithDebInfo|x64.ActiveCfg = Release|Any CPU
		{AAD703DC-7091-4F92-9483-62610F0127E5}.RelWithDebInfo|x64.Build.0 = Release|Any CPU
		{AAD703DC-7091-4F92-9483-62610F0127E5}.RelWithDebInfo|x86.ActiveCfg = Release|Any CPU
		{AAD703DC-7091-4F92-9483-62610F0127E5}.RelWithDebInfo|x86.Build.0 = Release|Any CPU
		{24DDAF81-6A9D-4864-B9A6-43B173FCC62D}.Debug|Any CPU.ActiveCfg = Debug|x64
		{24DDAF81-6A9D-4864-B9A6-43B173FCC62D}.Debug|Any CPU.Build.0 = Debug|x64
		{24DDAF81-6A9D-4864-B9A6-43B173FCC62D}.Debug|x64.ActiveCfg = Debug|x64
		{24DDAF81-6A9D-4864-B9A6-43B173FCC62D}.Debug|x64.Build.0 = Debug|x64
		{24DDAF81-6A9D-4864-B9A6-43B173FCC62D}.Debug|x86.ActiveCfg = Debug|Win32
		{24DDAF81-6A9D-4864-B9A6-43B173FCC62D}.Debug|x86.Build.0 = Debug|Win32
		{24DDAF81-6A9D-4864-B9A6-43B173FCC62D}.MinSizeRel|Any CPU.ActiveCfg = Debug|Win32
		{24DDAF81-6A9D-4864-B9A6-43B173FCC62D}.MinSizeRel|Any CPU.Build.0 = Debug|Win32
		{24DDAF81-6A9D-4864-B9A6-43B173FCC62D}.MinSizeRel|x64.ActiveCfg = Debug|x64
		{24DDAF81-6A9D-4864-B9A6-43B173FCC62D}.MinSizeRel|x64.Build.0 = Debug|x64
		{24DDAF81-6A9D-4864-B9A6-43B173FCC62D}.MinSizeRel|x86.ActiveCfg = Debug|Win32
		{24DDAF81-6A9D-4864-B9A6-43B173FCC62D}.MinSizeRel|x86.Build.0 = Debug|Win32
		{24DDAF81-6A9D-4864-B9A6-43B173FCC62D}.Release|Any CPU.ActiveCfg = Release|x64
		{24DDAF81-6A9D-4864-B9A6-43B173FCC62D}.Release|Any CPU.Build.0 = Release|x64
		{24DDAF81-6A9D-4864-B9A6-43B173FCC62D}.Release|x64.ActiveCfg = Release|x64
		{24DDAF81-6A9D-4864-B9A6-43B173FCC62D}.Release|x64.Build.0 = Release|x64
		{24DDAF81-6A9D-4864-B9A6-43B173FCC62D}.Release|x86.ActiveCfg = Release|Win32
		{24DDAF81-6A9D-4864-B9A6-43B173FCC62D}.Release|x86.Build.0 = Release|Win32
		{24DDAF81-6A9D-4864-B9A6-43B173FCC62D}.RelWithDebInfo|Any CPU.ActiveCfg = Debug|Win32
		{24DDAF81-6A9D-4864-B9A6-43B173FCC62D}.RelWithDebInfo|Any CPU.Build.0 = Debug|Win32
		{24DDAF81-6A9D-4864-B9A6-43B173FCC62D}.RelWithDebInfo|x64.ActiveCfg = Release|x64
		{24DDAF81-6A9D-4864-B9A6-43B173FCC62D}.RelWithDebInfo|x64.Build.0 = Release|x64
		{24DDAF81-6A9D-4864-B9A6-43B173FCC62D}.RelWithDebInfo|x86.ActiveCfg = Release|Win32
		{24DDAF81-6A9D-4864-B9A6-43B173FCC62D}.RelWithDebInfo|x86.Build.0 = Release|Win32
		{067E21AF-02AB-4228-A669-FCC3929242F2}.Debug|Any CPU.ActiveCfg = Debug|x64
		{067E21AF-02AB-4228-A669-FCC3929242F2}.Debug|Any CPU.Build.0 = Debug|x64
		{067E21AF-02AB-4228-A669-FCC3929242F2}.Debug|x64.ActiveCfg = Debug|x64
		{067E21AF-02AB-4228-A669-FCC3929242F2}.Debug|x64.Build.0 = Debug|x64
		{067E21AF-02AB-4228-A669-FCC3929242F2}.Debug|x86.ActiveCfg = Debug|Win32
		{067E21AF-02AB-4228-A669-FCC3929242F2}.Debug|x86.Build.0 = Debug|Win32
		{067E21AF-02AB-4228-A669-FCC3929242F2}.MinSizeRel|Any CPU.ActiveCfg = Debug|Win32
		{067E21AF-02AB-4228-A669-FCC3929242F2}.MinSizeRel|Any CPU.Build.0 = Debug|Win32
		{067E21AF-02AB-4228-A669-FCC3929242F2}.MinSizeRel|x64.ActiveCfg = Debug|x64
		{067E21AF-02AB-4228-A669-FCC3929242F2}.MinSizeRel|x64.Build.0 = Debug|x64
		{067E21AF-02AB-4228-A669-FCC3929242F2}.MinSizeRel|x86.ActiveCfg = Debug|Win32
		{067E21AF-02AB-4228-A669-FCC3929242F2}.MinSizeRel|x86.Build.0 = Debug|Win32
		{067E21AF-02AB-4228-A669-FCC3929242F2}.Release|Any CPU.ActiveCfg = Release|x64
		{067E21AF-02AB-4228-A669-FCC3929242F2}.Release|Any CPU.Build.0 = Release|x64
		{067E21AF-02AB-4228-A669-FCC3929242F2}.Release|x64.ActiveCfg = Release|x64
		{067E21AF-02AB-4228-A669-FCC3929242F2}.Release|x64.Build.0 = Release|x64
		{067E21AF-02AB-4228-A669-FCC3929242F2}.Release|x86.ActiveCfg = Release|Win32
		{067E21AF-02AB-4228-A669-FCC3929242F2}.Release|x86.Build.0 = Release|Win32
		{067E21AF-02AB-4228-A669-FCC3929242F2}.RelWithDebInfo|Any CPU.ActiveCfg = Debug|Win32
		{067E21AF-02AB-4228-A669-FCC3929242F2}.RelWithDebInfo|Any CPU.Build.0 = Debug|Win32
		{067E21AF-02AB-4228-A669-FCC3929242F2}.RelWithDebInfo|x64.ActiveCfg = Release|x64
		{067E21AF-02AB-4228-A669-FCC3929242F2}.RelWithDebInfo|x64.Build.0 = Release|x64
		{067E21AF-02AB-4228-A669-FCC3929242F2}.RelWithDebInfo|x86.ActiveCfg = Release|Win32
		{067E21AF-02AB-4228-A669-FCC3929242F2}.RelWithDebInfo|x86.Build.0 = Release|Win32
	EndGlobalSection
	GlobalSection(SolutionProperties) = preSolution
		HideSolutionNode = FALSE
	EndGlobalSection
	GlobalSection(NestedProjects) = preSolution
		{C5E57C1B-2CA2-3C74-ACE0-17423754CB69} = {E39C117F-8162-470F-8423-70F8562A03A1}
	EndGlobalSection
	GlobalSection(ExtensibilityGlobals) = postSolution
		SolutionGuid = {C3A7A5BC-ECAE-4D3A-891B-42496C40D214}
		Qt5Version = Qt 5.12.11 x64
	EndGlobalSection
EndGlobal
